github.com/xhd2015/kool v0.0.94 h1:KTkF/Yk45xu6QaB5Ks/I6Gb7BV/5qJObzWBc95Q7Sek=
github.com/xhd2015/kool v0.0.94/go.mod h1:UIWfoN/EZsCwFtCCvOoC+g805k5UJfi8wCuTO6QzDDg=
github.com/xhd2015/less-gen v0.0.19 h1:JllrPhx3HzN+f2AB6cTvW9aRCpvuODJFx7affpa0zQY=
github.com/xhd2015/less-gen v0.0.19/go.mod h1:Ym5HW/yfVnf2mgSo48QsuHAKnMTPv/u7oqty+raTnTQ=
github.com/xhd2015/xgo v1.1.7 h1:JWIACBBD8qlY4Fu42/v6BmkTyCRHgOuw2ctylrfAFkE=
github.com/xhd2015/xgo v1.1.7/go.mod h1:LJxlcYSaXo/9YpsnB3yHh9NHe7BRettYCytaNGWY2BE=
